
Microsoft Visual Studio Solution File, Format Version 12.00
# Visual Studio 15
VisualStudioVersion = 15.0.27130.0
MinimumVisualStudioVersion = 10.0.40219.1
Project("{FAE04EC0-301F-11D3-BF4B-00C04F79EFBC}") = "AliOrderScraper", "AliOrderScraper\AliOrderScraper.csproj", "{059AEC4B-033F-47E2-9787-B7AB05CF6355}"
EndProject
Global
	GlobalSection(SolutionConfigurationPlatforms) = preSolution
		Debug|Any CPU = Debug|Any CPU
		Release|Any CPU = Release|Any CPU
	EndGlobalSection
	GlobalSection(ProjectConfigurationPlatforms) = postSolution
		{059AEC4B-033F-47E2-9787-B7AB05CF6355}.Debug|Any CPU.ActiveCfg = Debug|Any CPU
		{059AEC4B-033F-47E2-9787-B7AB05CF6355}.Debug|Any CPU.Build.0 = Debug|Any CPU
		{059AEC4B-033F-47E2-9787-B7AB05CF6355}.Release|Any CPU.ActiveCfg = Release|Any CPU
		{059AEC4B-033F-47E2-9787-B7AB05CF6355}.Release|Any CPU.Build.0 = Release|Any CPU
	EndGlobalSection
	GlobalSection(SolutionProperties) = preSolution
		HideSolutionNode = FALSE
	EndGlobalSection
	GlobalSection(ExtensibilityGlobals) = postSolution
		SolutionGuid = {346B1EDC-824C-423F-AEEC-BA0EF1450291}
	EndGlobalSection
EndGlobal
